github.com/Sirupsen/logrus v0.10.1-0.20160524132453-6d9ae300aaf8 h1:HCaXFvBeZGFOEIfbmmqiSy1Cg5vYHWa7zNoyKQspys4=
github.com/Sirupsen/logrus v0.10.1-0.20160524132453-6d9ae300aaf8/go.mod h1:rmk17hk6i8ZSAJkSDa7nOxamrG+SP4P0mm+DAvExv4U=
github.com/boltdb/bolt v1.2.1 h1:dqty3m0dX4pwSiqpaNlLlaVw33YmC0NWCVpo4PJmxyA=
github.com/boltdb/bolt v1.2.1/go.mod h1:clJnj/oiGkjum5o1McbSZDSLxVThjynRyGBgiAx27Ps=
github.com/gin-gonic/gin v0.0.0-20160525124545-f931d1ea80ae h1:scuxFRG2p5mk05/jfKP57us0qtDLt0Rs9IwgXvqaKEQ=
github.com/gin-gonic/gin v0.0.0-20160525124545-f931d1ea80ae/go.mod h1:7cKuhb5qV2ggCFctp2fJQ+ErvciLZrIeoOSOm6mUr7Y=
github.com/golang/protobuf v0.0.0-20160106020635-2402d76f3d41 h1:BIDtr9YECqqvixqxNnfN1Dp4dlRZB2nS68tywI+YZj4=
github.com/golang/protobuf v0.0.0-20160106020635-2402d76f3d41/go.mod h1:6lQm79b+lXiMfvg/cZm0SGofjICqVBUtrP5yJMmIC1U=
github.com/hoisie/mustache v0.0.0-20141121162303-af524a16a1b1 h1:iLbx7UohP1GSpTFDL1WoKyIjqu/je4Ih6IuFqoUJQvQ=
github.com/hoisie/mustache v0.0.0-20141121162303-af524a16a1b1/go.mod h1:zdLK9ilQRSMjSeLKoZ4BqUfBT7jswTGF8zRlKEsiRXA=
github.com/manucorporat/sse v0.0.0-20160126180136-ee05b128a739 h1:ykXz+pRRTibcSjG1yRhpdSHInF8yZY/mfn+Rz2Nd1rE=
github.com/manucorporat/sse v0.0.0-20160126180136-ee05b128a739/go.mod h1:zUx1mhth20V3VKgL5jbd1BSQcW4Fy6Qs4PZvQwRFwzM=
github.com/nlopes/slack v0.0.2-0.20160430160449-e337a7316d3f h1:dJ5RYFKS0zpcXVI7aeiXq1zSJUvnDLMIBAV5NfTgATs=
github.com/nlopes/slack v0.0.2-0.20160430160449-e337a7316d3f/go.mod h1:jVI4BBK3lSktibKahxBF74txcK2vyvkza1z/+rRnVAM=
github.com/voxelbrain/goptions v0.0.0-20151102231003-26cb8b046923 h1:9wj8kG7h9BFfuAGtEgtShrnTNY27UI/v6/RGEpue+LA=
github.com/voxelbrain/goptions v0.0.0-20151102231003-26cb8b046923/go.mod h1:DGCIhurYgnLz8J9ga1fMV/fbLDyUvTyrWXVWUIyJon4=
golang.org/x/net v0.0.0-20160126033523-f315505cf334 h1:TUmEkOSSnKLH69ouTtjMxfkRrhs65JmJ61O6KjDVgPg=
golang.org/x/net v0.0.0-20160126033523-f315505cf334/go.mod h1:mL1N/T3taQHkDXs73rZJwtUhF3w3ftmwwsq0BUmARs4=
golang.org/x/sys v0.0.0-20201101102859-da207088b7d1 h1:a/mKvvZr9Jcc8oKfcmgzyp7OwF73JPWsQLvH1z2Kxck=
golang.org/x/sys v0.0.0-20201101102859-da207088b7d1/go.mod h1:h1NjWce9XRLGQEsW7wpKNCjG9DtNlClVuFLEZdDNbEs=
gopkg.in/go-playground/validator.v8 v8.15.1 h1:IrBBTcgklCPw+7tjCGdAErvsk+44VaIeS/4T1utPQ+I=
gopkg.in/go-playground/validator.v8 v8.15.1/go.mod h1:RX2a/7Ha8BgOhfk7j780h4/u/RRjR0eouCJSH80/M2Y=
gopkg.in/yaml.v2 v2.0.0-20160301204022-a83829b6f129 h1:RBgb9aPUbZ9nu66ecQNIBNsA7j3mB5h8PNDIfhPjaJg=
gopkg.in/yaml.v2 v2.0.0-20160301204022-a83829b6f129/go.mod h1:JAlM8MvJe8wmxCU4Bli9HhUf9+ttbYbLASfIpnQbh74=
